
Microsoft Visual Studio Solution File, Format Version 12.00
# Visual Studio Version 17
VisualStudioVersion = 17.5.002.0
MinimumVisualStudioVersion = 10.0.40219.1
Project("{9A19103F-16F7-4668-BE54-9A1E7A4F7556}") = "Tuplas_Operador_Ternario_Desconstrucao_de_Objeto_CSharp", "Tuplas_Operador_Ternario_Desconstrucao_de_Objeto_CSharp.csproj", "{A04BEFF2-2EA2-4641-933E-C385EB53A892}"
EndProject
Global
	GlobalSection(SolutionConfigurationPlatforms) = preSolution
		Debug|Any CPU = Debug|Any CPU
		Release|Any CPU = Release|Any CPU
	EndGlobalSection
	GlobalSection(ProjectConfigurationPlatforms) = postSolution
		{A04BEFF2-2EA2-4641-933E-C385EB53A892}.Debug|Any CPU.ActiveCfg = Debug|Any CPU
		{A04BEFF2-2EA2-4641-933E-C385EB53A892}.Debug|Any CPU.Build.0 = Debug|Any CPU
		{A04BEFF2-2EA2-4641-933E-C385EB53A892}.Release|Any CPU.ActiveCfg = Release|Any CPU
		{A04BEFF2-2EA2-4641-933E-C385EB53A892}.Release|Any CPU.Build.0 = Release|Any CPU
	EndGlobalSection
	GlobalSection(SolutionProperties) = preSolution
		HideSolutionNode = FALSE
	EndGlobalSection
	GlobalSection(ExtensibilityGlobals) = postSolution
		SolutionGuid = {0C1DF0A5-7FBF-4511-A290-E0FEC5D9EC4B}
	EndGlobalSection
EndGlobal
